# This file was autogenerated by Stack.
# You should not edit this file by hand.
# For more information, please see the documentation at:
#   https://docs.haskellstack.org/en/stable/lock_files

packages:
- completed:
    hackage: http2-client-0.9.0.0@sha256:b8885c89adcc8b9d4ebb9abf6ae0ac6336e3fdf947a2b1f2b95c4e2c8c4acf01,2685
    pantry-tree:
      size: 853
      sha256: d7a1be66eb14e84cfedd87e8363e406abb244bb74b742e8f0141efce27545008
  original:
    hackage: http2-client-0.9.0.0
- completed:
    hackage: http2-client-grpc-0.8.0.0@sha256:5bea1edf5fa3572155f55c5b38cfab7063cbde613702898986c26d70bc9f3f9e,1861
    pantry-tree:
      size: 454
      sha256: 234f9a5e2c117c615b63b657af6b331df0533e173d09f0c91b279ac90c54d4de
  original:
    hackage: http2-client-grpc-0.8.0.0
- completed:
    hackage: http2-grpc-types-0.5.0.0@sha256:4d34edc06a48496130f19245817a7cd7ea15c78ac8815570c3795ffc4503cf27,1445
    pantry-tree:
      size: 405
      sha256: 3a1a94b87acd230b2f750f0077dc47177f37e46a2984b5764390207a83c4d5e4
  original:
    hackage: http2-grpc-types-0.5.0.0
- completed:
    hackage: proto-lens-0.7.0.0@sha256:2c44a62375f7712f9381f84b1d30cee2f94384f1c98801db2f4450359a8e5036,3036
    pantry-tree:
      size: 1857
      sha256: b8e95cae7459e6a601abe32df92c5b24685765f4dd402fd84d8fd1e5b04892d2
  original:
    hackage: proto-lens-0.7.0.0
- completed:
    hackage: proto-lens-runtime-0.7.0.0@sha256:d6cfab159a63f5c42a1a507638c674a714dfa5f69a06f559e8da840eaafde3ab,3115
    pantry-tree:
      size: 168
      sha256: 25214e3dfa3d36b453da5be39f392699ac78ada5ded8a1384668e3e3cd9234e4
  original:
    hackage: proto-lens-runtime-0.7.0.0
- completed:
    hackage: proto-lens-protoc-0.7.0.0@sha256:04e57ec59ce21dc781b9debe063f03d85a7ec2ad1ee5c2deb1c30282119e9119,2304
    pantry-tree:
      size: 1219
      sha256: 990ccd28c9fda706123c50032d83adbf1ba3bdc914f206d8587ddb6d49d4686e
  original:
    hackage: proto-lens-protoc-0.7.0.0
- completed:
    hackage: ghc-source-gen-0.4.0.0@sha256:b6cdde6b183e70f6fbed3b0a45ad6640204b636e9a7fb898c5d7ec79719f14a1,3698
    pantry-tree:
      size: 2304
      sha256: c7b9e9e90e9bb22ff0fb39970eb9fb6abbc157590f4ebb148897a174290bf028
  original:
    hackage: ghc-source-gen-0.4.0.0
- completed:
    hackage: http2-1.6.5@sha256:f1743ba4a267f525106c218894e4bd2acf28fa047a9ba660b4a317a97382a877,13999
    pantry-tree:
      size: 43676
      sha256: 7c5c74e748187ae08baafab4af661147dcc128f1464305de68a06c3f0949cb91
  original:
    hackage: http2-1.6.5
- completed:
    hackage: network-2.8.0.1@sha256:0f165dffa752d8cde30c2bde86f80609c4f1dc5eeb3182d593041f97839c5b3b,3011
    pantry-tree:
      size: 2488
      sha256: 2dbdda2225969dcd452d983a2ac7e52341e5fc1df76103342c9fac08fc686931
  original:
    hackage: network-2.8.0.1
- completed:
    hackage: http2-grpc-proto3-wire-0.1.0.0@sha256:2bd756b17a5dc802ea07f0322ab90c3c61272dfcf4b42772e7bbd91c1f3f4d35,1443
    pantry-tree:
      size: 341
      sha256: ba78beab26ad3d3e1c854c2a75001f70e49cb6aae4d1fb9ae76826f0667dfdfd
  original:
    hackage: http2-grpc-proto3-wire-0.1.0.0
- completed:
    hackage: microlens-0.4.11.1@sha256:67db89067d11898b035fae068536664a8e2a154113d116b07483322d8f9180b4,4474
    pantry-tree:
      size: 461
      sha256: 8e625da99f2f0c46679d3ec9e38c56ffb6e2fd49ba6b3365e9ce5a9c3451b283
  original:
    hackage: microlens-0.4.11.1
- completed:
    hackage: text-1.2.4.0@sha256:8c24450feb8e3bbb7ea3e17af24ef57e85db077c4bf53e5bcc345b283d1b1d5b,10081
    pantry-tree:
      size: 7457
      sha256: 3437b0a73ce2ae1a81aa8b3438d41a85981c00894cdbee0d6d6d6873046a5d5d
  original:
    hackage: text-1.2.4.0
- completed:
    hackage: proto3-wire-1.0.0@sha256:8f59b61300cde2f1836d139145b65fe19c2a471f5f1b80ed585817800decc5c0,1887
    pantry-tree:
      size: 601
      sha256: 69b49e2fe4f9c2f4604791c7617c298775dd363a392a558dc611f37a522a34a3
  original:
    hackage: proto3-wire-1.0.0
snapshots:
- completed:
    size: 524996
    url: https://raw.githubusercontent.com/commercialhaskell/stackage-snapshots/master/lts/14/27.yaml
    sha256: 7ea31a280c56bf36ff591a7397cc384d0dff622e7f9e4225b47d8980f019a0f0
  original: lts-14.27
